
Microsoft Visual Studio Solution File, Format Version 12.00
# Visual Studio Version 17
VisualStudioVersion = 17.4.33205.214
MinimumVisualStudioVersion = 10.0.40219.1
Project("{FAE04EC0-301F-11D3-BF4B-00C04F79EFBC}") = "Battle", "Battle\Battle.csproj", "{4F5E253D-7791-44C9-9B32-5E2DFED37077}"
EndProject
Global
	GlobalSection(SolutionConfigurationPlatforms) = preSolution
		Debug|Any CPU = Debug|Any CPU
		Release|Any CPU = Release|Any CPU
	EndGlobalSection
	GlobalSection(ProjectConfigurationPlatforms) = postSolution
		{4F5E253D-7791-44C9-9B32-5E2DFED37077}.Debug|Any CPU.ActiveCfg = Debug|Any CPU
		{4F5E253D-7791-44C9-9B32-5E2DFED37077}.Debug|Any CPU.Build.0 = Debug|Any CPU
		{4F5E253D-7791-44C9-9B32-5E2DFED37077}.Release|Any CPU.ActiveCfg = Release|Any CPU
		{4F5E253D-7791-44C9-9B32-5E2DFED37077}.Release|Any CPU.Build.0 = Release|Any CPU
	EndGlobalSection
	GlobalSection(SolutionProperties) = preSolution
		HideSolutionNode = FALSE
	EndGlobalSection
	GlobalSection(ExtensibilityGlobals) = postSolution
		SolutionGuid = {1770C66A-198B-4DE6-9D00-403DDD5669CC}
	EndGlobalSection
EndGlobal
